
Microsoft Visual Studio Solution File, Format Version 12.00
# Visual Studio Version 16
VisualStudioVersion = 16.0.30002.166
MinimumVisualStudioVersion = 10.0.40219.1
Project("{FAE04EC0-301F-11D3-BF4B-00C04F79EFBC}") = "Mso-Backup", "Mso-Backup\Mso-Backup.csproj", "{99103729-7641-459E-8AC9-57A3417DDFCF}"
EndProject
Global
	GlobalSection(SolutionConfigurationPlatforms) = preSolution
		Debug|Any CPU = Debug|Any CPU
		Release|Any CPU = Release|Any CPU
	EndGlobalSection
	GlobalSection(ProjectConfigurationPlatforms) = postSolution
		{99103729-7641-459E-8AC9-57A3417DDFCF}.Debug|Any CPU.ActiveCfg = Debug|Any CPU
		{99103729-7641-459E-8AC9-57A3417DDFCF}.Debug|Any CPU.Build.0 = Debug|Any CPU
		{99103729-7641-459E-8AC9-57A3417DDFCF}.Release|Any CPU.ActiveCfg = Release|Any CPU
		{99103729-7641-459E-8AC9-57A3417DDFCF}.Release|Any CPU.Build.0 = Release|Any CPU
	EndGlobalSection
	GlobalSection(SolutionProperties) = preSolution
		HideSolutionNode = FALSE
	EndGlobalSection
	GlobalSection(ExtensibilityGlobals) = postSolution
		SolutionGuid = {4F1E5F0D-FFF8-4E68-9071-7B41C158C50C}
	EndGlobalSection
EndGlobal
